
Microsoft Visual Studio Solution File, Format Version 12.00
# Visual Studio Version 17
VisualStudioVersion = 17.5.33627.172
MinimumVisualStudioVersion = 10.0.40219.1
Project("{8BC9CEB8-8B4A-11D0-8D11-00A0C91BC942}") = "MT3_02_04", "MT3_02_04.vcxproj", "{35B953EE-5508-429D-8339-62FBACAB1BCB}"
EndProject
Global
	GlobalSection(SolutionConfigurationPlatforms) = preSolution
		Debug|x64 = Debug|x64
		Release|x64 = Release|x64
	EndGlobalSection
	GlobalSection(ProjectConfigurationPlatforms) = postSolution
		{35B953EE-5508-429D-8339-62FBACAB1BCB}.Debug|x64.ActiveCfg = Debug|x64
		{35B953EE-5508-429D-8339-62FBACAB1BCB}.Debug|x64.Build.0 = Debug|x64
		{35B953EE-5508-429D-8339-62FBACAB1BCB}.Release|x64.ActiveCfg = Release|x64
		{35B953EE-5508-429D-8339-62FBACAB1BCB}.Release|x64.Build.0 = Release|x64
	EndGlobalSection
	GlobalSection(SolutionProperties) = preSolution
		HideSolutionNode = FALSE
	EndGlobalSection
	GlobalSection(ExtensibilityGlobals) = postSolution
		SolutionGuid = {9AF54AD6-7717-4005-BB0B-46A36E68E250}
	EndGlobalSection
EndGlobal
